{
  "name": "quick-snapapp-chrome-extension",
  "version": "1.0.0",
  "lockfileVersion": 2,
  "requires": true,
  "packages": {
    "": {
      "name": "quick-snapapp-chrome-extension",
      "version": "1.0.0",
      "license": "ISC",
      "dependencies": {
        "imagekit-javascript": "^1.5.5"
      }
    },
    "node_modules/imagekit-javascript": {
      "version": "1.5.5",
      "resolved": "https://registry.npmjs.org/imagekit-javascript/-/imagekit-javascript-1.5.5.tgz",
      "integrity": "sha512-WnEq7zIiYx+bN1fUzLEqSD33xOCEhHpDmlo3SxQkXPiLBnnnLGhBZi583wNhBXP3RB/yQQEKOBeOelnZ7WVgPA=="
    }
  },
  "dependencies": {
    "imagekit-javascript": {
      "version": "1.5.5",
      "resolved": "https://registry.npmjs.org/imagekit-javascript/-/imagekit-javascript-1.5.5.tgz",
      "integrity": "sha512-WnEq7zIiYx+bN1fUzLEqSD33xOCEhHpDmlo3SxQkXPiLBnnnLGhBZi583wNhBXP3RB/yQQEKOBeOelnZ7WVgPA=="
    }
  }
}
